
Microsoft Visual Studio Solution File, Format Version 12.00
# Visual Studio Version 17
VisualStudioVersion = 17.14.37502.11 d17.14
MinimumVisualStudioVersion = 10.0.40219.1
Project("{2150E333-8FDC-42A3-9474-1A3956D46DE8}") = "backend", "backend", "{8FAC5FFA-7BE6-4C8A-BDA3-CB179F9B3C47}"
EndProject
Project("{FAE04EC0-301F-11D3-BF4B-00C04F79EFBC}") = "AI.SupportTriage.Api", "backend\AI.SupportTriage.Api\AI.SupportTriage.Api.csproj", "{52F57EAC-AA0E-4E8E-B4A6-43E150F34D06}"
EndProject
Project("{2150E333-8FDC-42A3-9474-1A3956D46DE8}") = "tests", "tests", "{AE32EB24-262A-448B-AA41-A41C4F25A307}"
EndProject
Project("{FAE04EC0-301F-11D3-BF4B-00C04F79EFBC}") = "AI.SupportTriage.Tests", "tests\AI.SupportTriage.Tests\AI.SupportTriage.Tests.csproj", "{F77DC6F6-03C6-4C22-9752-73B8964A5451}"
EndProject
Global
	GlobalSection(SolutionProperties) = preSolution
		HideSolutionNode = FALSE
	EndGlobalSection
	GlobalSection(ExtensibilityGlobals) = postSolution
		SolutionGuid = {12D4D47A-A89F-42AE-8D0D-60DE743C41FE}
	EndGlobalSection
	GlobalSection(SolutionConfigurationPlatforms) = preSolution
		Debug|Any CPU = Debug|Any CPU
		Debug|x64 = Debug|x64
		Debug|x86 = Debug|x86
		Release|Any CPU = Release|Any CPU
		Release|x64 = Release|x64
		Release|x86 = Release|x86
	EndGlobalSection
	GlobalSection(ProjectConfigurationPlatforms) = postSolution
		{52F57EAC-AA0E-4E8E-B4A6-43E150F34D06}.Debug|Any CPU.ActiveCfg = Debug|Any CPU
		{52F57EAC-AA0E-4E8E-B4A6-43E150F34D06}.Debug|Any CPU.Build.0 = Debug|Any CPU
		{52F57EAC-AA0E-4E8E-B4A6-43E150F34D06}.Debug|x64.ActiveCfg = Debug|Any CPU
		{52F57EAC-AA0E-4E8E-B4A6-43E150F34D06}.Debug|x64.Build.0 = Debug|Any CPU
		{52F57EAC-AA0E-4E8E-B4A6-43E150F34D06}.Debug|x86.ActiveCfg = Debug|Any CPU
		{52F57EAC-AA0E-4E8E-B4A6-43E150F34D06}.Debug|x86.Build.0 = Debug|Any CPU
		{52F57EAC-AA0E-4E8E-B4A6-43E150F34D06}.Release|Any CPU.ActiveCfg = Release|Any CPU
		{52F57EAC-AA0E-4E8E-B4A6-43E150F34D06}.Release|Any CPU.Build.0 = Release|Any CPU
		{52F57EAC-AA0E-4E8E-B4A6-43E150F34D06}.Release|x64.ActiveCfg = Release|Any CPU
		{52F57EAC-AA0E-4E8E-B4A6-43E150F34D06}.Release|x64.Build.0 = Release|Any CPU
		{52F57EAC-AA0E-4E8E-B4A6-43E150F34D06}.Release|x86.ActiveCfg = Release|Any CPU
		{52F57EAC-AA0E-4E8E-B4A6-43E150F34D06}.Release|x86.Build.0 = Release|Any CPU
		{F77DC6F6-03C6-4C22-9752-73B8964A5451}.Debug|Any CPU.ActiveCfg = Debug|Any CPU
		{F77DC6F6-03C6-4C22-9752-73B8964A5451}.Debug|Any CPU.Build.0 = Debug|Any CPU
		{F77DC6F6-03C6-4C22-9752-73B8964A5451}.Debug|x64.ActiveCfg = Debug|Any CPU
		{F77DC6F6-03C6-4C22-9752-73B8964A5451}.Debug|x64.Build.0 = Debug|Any CPU
		{F77DC6F6-03C6-4C22-9752-73B8964A5451}.Debug|x86.ActiveCfg = Debug|Any CPU
		{F77DC6F6-03C6-4C22-9752-73B8964A5451}.Debug|x86.Build.0 = Debug|Any CPU
		{F77DC6F6-03C6-4C22-9752-73B8964A5451}.Release|Any CPU.ActiveCfg = Release|Any CPU
		{F77DC6F6-03C6-4C22-9752-73B8964A5451}.Release|Any CPU.Build.0 = Release|Any CPU
		{F77DC6F6-03C6-4C22-9752-73B8964A5451}.Release|x64.ActiveCfg = Release|Any CPU
		{F77DC6F6-03C6-4C22-9752-73B8964A5451}.Release|x64.Build.0 = Release|Any CPU
		{F77DC6F6-03C6-4C22-9752-73B8964A5451}.Release|x86.ActiveCfg = Release|Any CPU
		{F77DC6F6-03C6-4C22-9752-73B8964A5451}.Release|x86.Build.0 = Release|Any CPU
	EndGlobalSection
	GlobalSection(NestedProjects) = preSolution
		{52F57EAC-AA0E-4E8E-B4A6-43E150F34D06} = {8FAC5FFA-7BE6-4C8A-BDA3-CB179F9B3C47}
		{F77DC6F6-03C6-4C22-9752-73B8964A5451} = {AE32EB24-262A-448B-AA41-A41C4F25A307}
	EndGlobalSection
EndGlobal
